{
    "_readme": [
        "This file locks the dependencies of your project to a known state",
        "Read more about it at http://getcomposer.org/doc/01-basic-usage.md#composer-lock-the-lock-file"
    ],
    "hash": "0bb7496c05b44f5f74e48a722852749f",
    "packages": [
        {
            "name": "facebook/php-sdk-v4",
            "version": "4.0.8",
            "source": {
                "type": "git",
                "url": "https://github.com/facebook/facebook-php-sdk-v4.git",
                "reference": "4d77aa2fe57a3777040d6a60aa31fbe7465cb4ca"
            },
            "dist": {
                "type": "zip",
                "url": "https://api.github.com/repos/facebook/facebook-php-sdk-v4/zipball/4d77aa2fe57a3777040d6a60aa31fbe7465cb4ca",
                "reference": "4d77aa2fe57a3777040d6a60aa31fbe7465cb4ca",
                "shasum": ""
            },
            "require": {
                "php": ">=5.4.0"
            },
            "require-dev": {
                "guzzlehttp/guzzle": "~4.0",
                "mockery/mockery": "dev-master",
                "phpunit/phpunit": "3.7.*"
            },
            "suggest": {
                "guzzlehttp/guzzle": "Allows for implementation of the Guzzle HTTP client"
            },
            "type": "library",
            "autoload": {
                "psr-4": {
                    "Facebook\\": "src/Facebook/"
                }
            },
            "notification-url": "https://packagist.org/downloads/",
            "license": [
                "Facebook Platform"
            ],
            "authors": [
                {
                    "name": "Facebook",
                    "homepage": "https://github.com/facebook/facebook-php-sdk-v4/contributors"
                }
            ],
            "description": "Facebook SDK for PHP",
            "homepage": "https://github.com/facebook/facebook-php-sdk-v4",
            "keywords": [
                "facebook",
                "sdk"
            ],
            "time": "2014-06-10 20:42:16"
        },
        {
            "name": "google/apiclient",
            "version": "1.0.4-beta",
            "source": {
                "type": "git",
                "url": "https://github.com/google/google-api-php-client.git",
                "reference": "eb5934d58761f1a8575e6df6de02fdce89dd89d2"
            },
            "dist": {
                "type": "zip",
                "url": "https://api.github.com/repos/google/google-api-php-client/zipball/eb5934d58761f1a8575e6df6de02fdce89dd89d2",
                "reference": "eb5934d58761f1a8575e6df6de02fdce89dd89d2",
                "shasum": ""
            },
            "require": {
                "php": ">=5.2.1"
            },
            "type": "library",
            "autoload": {
                "classmap": [
                    "src/"
                ]
            },
            "notification-url": "https://packagist.org/downloads/",
            "include-path": [
                "src/"
            ],
            "license": [
                "Apache-2.0"
            ],
            "description": "Client library for Google APIs",
            "homepage": "http://developers.google.com/api-client-library/php",
            "keywords": [
                "google"
            ],
            "time": "2014-03-07 17:54:19"
        },
        {
            "name": "ntentan/ntentan",
            "version": "dev-master",
            "source": {
                "type": "git",
                "url": "https://github.com/ntentan/ntentan.git",
                "reference": "b7e613ed27ae961a0c43ce1cd9810547a7f8fdf7"
            },
            "dist": {
                "type": "zip",
                "url": "https://api.github.com/repos/ntentan/ntentan/zipball/b7e613ed27ae961a0c43ce1cd9810547a7f8fdf7",
                "reference": "b7e613ed27ae961a0c43ce1cd9810547a7f8fdf7",
                "shasum": ""
            },
            "require": {
                "php": ">=5.3.0"
            },
            "type": "library",
            "autoload": {
                "psr-4": {
                    "ntentan\\": "lib/"
                }
            },
            "notification-url": "https://packagist.org/downloads/",
            "license": [
                "MIT"
            ],
            "authors": [
                {
                    "name": "James Ekow Abaka Ainooson",
                    "email": "jainooson@gmail.com",
                    "homepage": "http://ekowabaka.me"
                }
            ],
            "description": "Another PHP application framework.",
            "time": "2014-06-10 15:46:00"
        },
        {
            "name": "yahoo/yos-social-php5",
            "version": "0.2",
            "source": {
                "type": "git",
                "url": "https://github.com/yahoo/yos-social-php5.git",
                "reference": "tags/0.2"
            },
            "type": "library"
        }
    ],
    "packages-dev": [

    ],
    "aliases": [

    ],
    "minimum-stability": "stable",
    "stability-flags": {
        "ntentan/ntentan": 20,
        "google/apiclient": 10
    },
    "platform": [

    ],
    "platform-dev": [

    ]
}
